
Microsoft Visual Studio Solution File, Format Version 12.00
# Visual Studio 15
VisualStudioVersion = 15.0.26228.9
MinimumVisualStudioVersion = 10.0.40219.1
Project("{8BC9CEB8-8B4A-11D0-8D11-00A0C91BC942}") = "expressio", "expressio.vcxproj", "{F5C6CE54-B05A-4E09-AD07-766E4BD6A89F}"
EndProject
Global
	GlobalSection(SolutionConfigurationPlatforms) = preSolution
		debug|x64 = debug|x64
		release|x64 = release|x64
	EndGlobalSection
	GlobalSection(ProjectConfigurationPlatforms) = postSolution
		{F5C6CE54-B05A-4E09-AD07-766E4BD6A89F}.debug|x64.ActiveCfg = debug|x64
		{F5C6CE54-B05A-4E09-AD07-766E4BD6A89F}.debug|x64.Build.0 = debug|x64
		{F5C6CE54-B05A-4E09-AD07-766E4BD6A89F}.release|x64.ActiveCfg = release|x64
		{F5C6CE54-B05A-4E09-AD07-766E4BD6A89F}.release|x64.Build.0 = release|x64
	EndGlobalSection
	GlobalSection(SolutionProperties) = preSolution
		HideSolutionNode = FALSE
	EndGlobalSection
EndGlobal
